# This file is autogenerated, do not edit; changes may be undone by the next 'dep ensure'.


[[projects]]
  branch = "master"
  name = "github.com/araddon/dateparse"
  packages = ["."]
  revision = "ca7e753bd149dae747d76fa7d52b20b920f3a814"

[solve-meta]
  analyzer-name = "dep"
  analyzer-version = 1
  inputs-digest = "9f467dd3a839a04c055762f9f64b21bb54637a4c06bdc66b5d5fb9cab8cc27f0"
  solver-name = "gps-cdcl"
  solver-version = 1
